{
    "_meta": {
        "hash": {
            "sha256": "a341d55cc899b2c57031770d770b7ed2441afd9efa19a40240533315f1dd792b"
        },
        "pipfile-spec": 6,
        "requires": {
            "python_full_version": "3.9.6",
            "python_version": "3.9"
        },
        "sources": [
            {
                "name": "pypi",
                "url": "https://pypi.org/simple",
                "verify_ssl": true
            }
        ]
    },
    "default": {
        "dnspython": {
            "hashes": [
                "sha256:5ef3b9680161f6fa89daf8ad451b5f1a33b18ae8a1c6778cdf4b43f08c0a6e50",
                "sha256:e8f0f9c23a7b7cb99ded64e6c3a6f3e701d78f50c55e002b839dea7225cff7cc"
            ],
            "index": "pypi",
            "markers": "python_version >= '3.8'",
            "version": "==2.6.1"
        },
        "psycopg": {
            "hashes": [
                "sha256:31144d3fb4c17d78094d9e579826f047d4af1da6a10427d91dfcfb6ecdf6f12b",
                "sha256:4d5a0a5a8590906daa58ebd5f3cfc34091377354a1acced269dd10faf55da60e"
            ],
            "index": "pypi",
            "markers": "python_version >= '3.7'",
            "version": "==3.1.18"
        },
        "psycopg-binary": {
            "hashes": [
                "sha256:02bd4da45d5ee9941432e2e9bf36fa71a3ac21c6536fe7366d1bd3dd70d6b1e7",
                "sha256:0f68ac2364a50d4cf9bb803b4341e83678668f1881a253e1224574921c69868c",
                "sha256:13bcd3742112446037d15e360b27a03af4b5afcf767f5ee374ef8f5dd7571b31",
                "sha256:1729d0e3dfe2546d823841eb7a3d003144189d6f5e138ee63e5227f8b75276a5",
                "sha256:1859aeb2133f5ecdd9cbcee155f5e38699afc06a365f903b1512c765fd8d457e",
                "sha256:1c9b6bd7fb5c6638cb32469674707649b526acfe786ba6d5a78ca4293d87bae4",
                "sha256:247474af262bdd5559ee6e669926c4f23e9cf53dae2d34c4d991723c72196404",
                "sha256:258d2f0cb45e4574f8b2fe7c6d0a0e2eb58903a4fd1fbaf60954fba82d595ab7",
                "sha256:2e2484ae835dedc80cdc7f1b1a939377dc967fed862262cfd097aa9f50cade46",
                "sha256:320047e3d3554b857e16c2b6b615a85e0db6a02426f4d203a4594a2f125dfe57",
                "sha256:39242546383f6b97032de7af30edb483d237a0616f6050512eee7b218a2aa8ee",
                "sha256:3c2b039ae0c45eee4cd85300ef802c0f97d0afc78350946a5d0ec77dd2d7e834",
                "sha256:3c7afcd6f1d55992f26d9ff7b0bd4ee6b475eb43aa3f054d67d32e09f18b0065",
                "sha256:3e4b0bb91da6f2238dbd4fbb4afc40dfb4f045bb611b92fce4d381b26413c686",
                "sha256:3e7ce4d988112ca6c75765c7f24c83bdc476a6a5ce00878df6c140ca32c3e16d",
                "sha256:4085f56a8d4fc8b455e8f44380705c7795be5317419aa5f8214f315e4205d804",
                "sha256:4575da95fc441244a0e2ebaf33a2b2f74164603341d2046b5cde0a9aa86aa7e2",
                "sha256:489aa4fe5a0b653b68341e9e44af247dedbbc655326854aa34c163ef1bcb3143",
                "sha256:4e4de16a637ec190cbee82e0c2dc4860fed17a23a35f7a1e6dc479a5c6876722",
                "sha256:531381f6647fc267383dca88dbe8a70d0feff433a8e3d0c4939201fea7ae1b82",
                "sha256:55ff0948457bfa8c0d35c46e3a75193906d1c275538877ba65907fd67aa059ad",
                "sha256:59701118c7d8842e451f1e562d08e8708b3f5d14974eefbce9374badd723c4ae",
                "sha256:5c323103dfa663b88204cf5f028e83c77d7a715f9b6f51d2bbc8184b99ddd90a",
                "sha256:5d6e860edf877d4413e4a807e837d55e3a7c7df701e9d6943c06e460fa6c058f",
                "sha256:639dd78ac09b144b0119076783cb64e1128cc8612243e9701d1503c816750b2e",
                "sha256:6432047b8b24ef97e3fbee1d1593a0faaa9544c7a41a2c67d1f10e7621374c83",
                "sha256:67284e2e450dc7a9e4d76e78c0bd357dc946334a3d410defaeb2635607f632cd",
                "sha256:6ebecbf2406cd6875bdd2453e31067d1bd8efe96705a9489ef37e93b50dc6f09",
                "sha256:7121acc783c4e86d2d320a7fb803460fab158a7f0a04c5e8c5d49065118c1e73",
                "sha256:74e498586b72fb819ca8ea82107747d0cb6e00ae685ea6d1ab3f929318a8ce2d",
                "sha256:780a90bcb69bf27a8b08bc35b958e974cb6ea7a04cdec69e737f66378a344d68",
                "sha256:7ac1785d67241d5074f8086705fa68e046becea27964267ab3abd392481d7773",
                "sha256:812726266ab96de681f2c7dbd6b734d327f493a78357fcc16b2ac86ff4f4e080",
                "sha256:824a1bfd0db96cc6bef2d1e52d9e0963f5bf653dd5bc3ab519a38f5e6f21c299",
                "sha256:87dd9154b757a5fbf6d590f6f6ea75f4ad7b764a813ae04b1d91a70713f414a1",
                "sha256:887f8d856c91510148be942c7acd702ccf761a05f59f8abc123c22ab77b5a16c",
                "sha256:888a72c2aca4316ca6d4a619291b805677bae99bba2f6e31a3c18424a48c7e4d",
                "sha256:8f54978c4b646dec77fefd8485fa82ec1a87807f334004372af1aaa6de9539a5",
                "sha256:91074f78a9f890af5f2c786691575b6b93a4967ad6b8c5a90101f7b8c1a91d9c",
                "sha256:9d684227ef8212e27da5f2aff9d4d303cc30b27ac1702d4f6881935549486dd5",
                "sha256:9e24e7b6a68a51cc3b162d0339ae4e1263b253e887987d5c759652f5692b5efe",
                "sha256:9ffcbbd389e486d3fd83d30107bbf8b27845a295051ccabde240f235d04ed921",
                "sha256:a87e9eeb80ce8ec8c2783f29bce9a50bbcd2e2342a340f159c3326bf4697afa1",
                "sha256:ad35ac7fd989184bf4d38a87decfb5a262b419e8ba8dcaeec97848817412c64a",
                "sha256:b15e3653c82384b043d820fc637199b5c6a36b37fa4a4943e0652785bb2bad5d",
                "sha256:b293e01057e63c3ac0002aa132a1071ce0fdb13b9ee2b6b45d3abdb3525c597d",
                "sha256:b2f7f95746efd1be2dc240248cc157f4315db3fd09fef2adfcc2a76e24aa5741",
                "sha256:bd27f713f2e5ef3fd6796e66c1a5203a27a30ecb847be27a78e1df8a9a5ae68c",
                "sha256:c38a4796abf7380f83b1653c2711cb2449dd0b2e5aca1caa75447d6fa5179c69",
                "sha256:c76659ae29a84f2c14f56aad305dd00eb685bd88f8c0a3281a9a4bc6bd7d2aa7",
                "sha256:c84a0174109f329eeda169004c7b7ca2e884a6305acab4a39600be67f915ed38",
                "sha256:cd2a9f7f0d4dacc5b9ce7f0e767ae6cc64153264151f50698898c42cabffec0c",
                "sha256:d322ba72cde4ca2eefc2196dad9ad7e52451acd2f04e3688d590290625d0c970",
                "sha256:d4422af5232699f14b7266a754da49dc9bcd45eba244cf3812307934cd5d6679",
                "sha256:d46ae44d66bf6058a812467f6ae84e4e157dee281bfb1cfaeca07dee07452e85",
                "sha256:da917f6df8c6b2002043193cb0d74cc173b3af7eb5800ad69c4e1fbac2a71c30",
                "sha256:dea4a59da7850192fdead9da888e6b96166e90608cf39e17b503f45826b16f84",
                "sha256:e05f6825f8db4428782135e6986fec79b139210398f3710ed4aa6ef41473c008",
                "sha256:e1cf59e0bb12e031a48bb628aae32df3d0c98fd6c759cb89f464b1047f0ca9c8",
                "sha256:e252d66276c992319ed6cd69a3ffa17538943954075051e992143ccbf6dc3d3e",
                "sha256:e262398e5d51563093edf30612cd1e20fedd932ad0994697d7781ca4880cdc3d",
                "sha256:e28ff8f3de7b56588c2a398dc135fd9f157d12c612bd3daa7e6ba9872337f6f5",
                "sha256:eea5f14933177ffe5c40b200f04f814258cc14b14a71024ad109f308e8bad414",
                "sha256:f876ebbf92db70125f6375f91ab4bc6b27648aa68f90d661b1fc5affb4c9731c",
                "sha256:f8ff3bc08b43f36fdc24fedb86d42749298a458c4724fb588c4d76823ac39f54"
            ],
            "index": "pypi",
            "markers": "python_version >= '3.7'",
            "version": "==3.1.18"
        },
        "pymongo": {
            "hashes": [
                "sha256:11f74dafde63ad2dc30c01f40b4c69d9af157f8ba5224b0c9d4de7158537266f",
                "sha256:13fc201e073644acd77860d9e91ccfc27addf510563e07381cadc9a55ac3a894",
                "sha256:1bd1eef70c1eda838b26397ef75c9580d7a97fd94b6324971d7f3d2ad3552e9a",
                "sha256:24c8f1dd545360ec1b79007a3ba6573af565df6fde49f6dfc53813f3f475a751",
                "sha256:253ed8fd6e7f4b2a1caa89e6b287b9e04f42613319ee1e1240c2db2afe1637e7",
                "sha256:263c169302df636f9086b584994a51d0adfc8738fe27d7b8e2aacf46fd68b6cb",
                "sha256:297cdc87c4b4168782b571c8643540e9b0ad1d09266b43d2f5954f8632280835",
                "sha256:2ccc8dd4fe9aac18dde27c33a53271c6c90159b74c43fbdab1d33d5efc36c2f5",
                "sha256:30a9d891631d7e847b24f551b1d89ff2033539e7cd8e9af29714b4d0db7abb06",
                "sha256:31ed8ba3da0366346264604b3a443f5a4232cab5ed45f520bead6184cf0851a1",
                "sha256:337d99f88d32a5f8056d6d2bc365ccf09d09583f3942882c50cf11b459e8fbc0",
                "sha256:3ef32a7cfe748c0c72fdad9e51459de5e0c6b16c5288b39f863abfff23503847",
                "sha256:455f9d603ed0990a787773d5718e871300bddf585ce543baf129c9f5ca3adb02",
                "sha256:45ac46f0d6bdc2baac34ced60aae27b2083170d77397330eff0ac5689ea29d38",
                "sha256:4c7e05454cdc5aa4702e03cad0df4205daccd6fd631bbbf0a85bbe598129a6cc",
                "sha256:4d227555be35078b53f506f6b58bd0b0e8fd4513e89e6f29e83a97efab439250",
                "sha256:4dd998e9f0f7694032c1648c7f57fccaa78903df6329b8f8ae20cfa7c4ceca34",
                "sha256:5119c66af8c4197c8757b4b7d98c443e5b127c224ac92fb657dbe2b512ae2713",
                "sha256:57b5b485ef89270ed2e603814f43f0fdd9b8ba5d4039124d90878cdc2327000c",
                "sha256:58989bcb94233233a71645236b972835d4f87a6bb1b7e818d38a7e6e6d4630de",
                "sha256:5a58b6cd7c423ba49db10d8445756062c931ad2246ba0da1e705bf22962fd9e9",
                "sha256:5ae1aeeb405c29885266666dc7115792d647ed68cfdb6ed02e2e211d12f2e1c8",
                "sha256:5bc87db2e9563295c4e45602ab978a2fcbaba3ab89e745503b24f895cddeb755",
                "sha256:5ff6d56ca1f0cd3687a13ce90a32a8efb3cc3a53728e5ac160c4c30d10385a72",
                "sha256:615c7573d7a9c4837332a673fdc5a5f214b474dd52d846bcf4cc3d011550bee1",
                "sha256:64b69b9cd8a6d23881a80490d575e92918f9afca43096a7d6c1013d6b3e5c75c",
                "sha256:65c45682d5ed8c6618bde22cd6716b47a197f4ef800a025213b28d13a59e5fca",
                "sha256:67cbee427c263a4483e3249fef480788ccc16edb1a4fc330c4c6cb0cb9db94a8",
                "sha256:7247c1dc7d8eed4e24eb1dd92c4c58ebf1e5159500015652552acfdebdeed256",
                "sha256:73bf96ece4999b0bbab7169cb2b9c60918b434487009e48be4bd47eeb2aa7b14",
                "sha256:7b10603ba64af08f5af7eb9a69d6b24e3c69d91fdd48c54b95e284686c1c582d",
                "sha256:811a07bba9d35f1e34159ede632ac71dbc429b372a20004e32d6578af872db1a",
                "sha256:811c41c6227b7548afcb53e1b996c25262d837b5e5f519e2ddc2c7e59d8728a5",
                "sha256:85b8dd3756b73993b1e3ab6b1cba826b9e4987a094a5d5b6d37313776458cd94",
                "sha256:887d043ecc0c7d5591925bbc7abb67caf21c94d6e6e5d442cb49eb5d9d8ee76b",
                "sha256:8cee62188127a126f59ea45d3981868a5e35343be4ef4ad8712eaf42be37a00b",
                "sha256:9e0a30a022ac8a9164ee5a4b761e13dbb3d10a21845f7258011e3415151fb645",
                "sha256:9e99dac3c7c2cb498937cc1767361851099da38861e921113318c87d71e3d127",
                "sha256:a46c08ef0b273c415b1e8933f6739596be264ae700a4927f84e0b84e70fdf0eb",
                "sha256:a848249d5b4763497add62f7dd7bd0ce1538129bf42f4cb132a76d24c61bf98d",
                "sha256:aa354933a158e57494c98b592f46d5d24d1b109e6ba05a05179cde719d9f7fd3",
                "sha256:ad360630c221aee7c0841a51851496a3ca6fdea87007098a982c1aa26e34083a",
                "sha256:b897b60b2d55c26f3efea0effc11b655db68125c3731274bc3953375e9ccab73",
                "sha256:b8b95e2163b73d03a913efa89b0f7c5012be82efd4e9dbce8aa62010a75a277c",
                "sha256:bfd5c7e5bb87171a5296fa32205adb50b27704a612036ec4395c3cd316fc0e91",
                "sha256:c808098f2cdb87d4035144e536ba5fa7709d0420c17b68e6ace5da18c38ded5f",
                "sha256:d1829a7db720ff586aaf59c806e89e0a388548063aa844d21a570a231ad8ca87",
                "sha256:d50969de00d3522b2c394f7e59b843871e2be4b525af92066da7f3bd02799fdc",
                "sha256:d63f38454a2e23c117d3ceab3b661568f2418536825787256ad24e5baaedfd27",
                "sha256:d804eaf19a65211cc2c8c5db75be685c3f31c64cdab639794f66f13f8e258ba6",
                "sha256:daf35ab13b86aba7cc8c4b019882f1fa8d287a26f586ef5eaf60a5233d3eaa52",
                "sha256:dbc32217c81d87750401fa1c2bc9450e854b23e6e30243c82d3514b8e58f39e3",
                "sha256:e175d74c52b6c8414a4b4504a2dd42b0202d101b2eb9508a34c137357683864e",
                "sha256:e4a63ba6813a2168ebd35ea5369f6c33f7787525986cd77668b7956acc3d2a38",
                "sha256:e935712b17e7a42831022353bac91a346a792658a54e12bec907ec11695cc899",
                "sha256:ec94d29103317aa920dae59ed385de9604cb0ef840b5b7137b5eaa7a2042580a",
                "sha256:ed6b3a0740efe98bb03ccf054578e9788ebcd06d021d548b8217ab2c82e45975",
                "sha256:f2a720e787c9b9b912db5bb4c3e7123ccff1352d6c3ac0cb2c7ee392cdc95c00",
                "sha256:f8822614975038e0cece47d12e7634a79c2ee590a0ae78ae64c37b9c6610a14c",
                "sha256:fb1a884b1c6aeac5ffeb8ccb696fbc242a7ae1bba36f2328c01f76fab7221b94"
            ],
            "index": "pypi",
            "markers": "python_version >= '3.7'",
            "version": "==4.7.1"
        },
        "python-dotenv": {
            "hashes": [
                "sha256:e324ee90a023d808f1959c46bcbc04446a10ced277783dc6ee09987c37ec10ca",
                "sha256:f7b63ef50f1b690dddf550d03497b66d609393b40b564ed0d674909a68ebf16a"
            ],
            "index": "pypi",
            "markers": "python_version >= '3.8'",
            "version": "==1.0.1"
        },
        "typing-extensions": {
            "hashes": [
                "sha256:83f085bd5ca59c80295fc2a82ab5dac679cbe02b9f33f7d83af68e241bea51b0",
                "sha256:c1f94d72897edaf4ce775bb7558d5b79d8126906a14ea5ed1635921406c0387a"
            ],
            "markers": "python_version >= '3.8'",
            "version": "==4.11.0"
        }
    },
    "develop": {
        "typing-extensions": {
            "hashes": [
                "sha256:83f085bd5ca59c80295fc2a82ab5dac679cbe02b9f33f7d83af68e241bea51b0",
                "sha256:c1f94d72897edaf4ce775bb7558d5b79d8126906a14ea5ed1635921406c0387a"
            ],
            "markers": "python_version >= '3.8'",
            "version": "==4.11.0"
        }
    }
}
